
Microsoft Visual Studio Solution File, Format Version 12.00
# Visual Studio 2013
VisualStudioVersion = 12.0.21005.1
MinimumVisualStudioVersion = 10.0.40219.1
Project("{FAE04EC0-301F-11D3-BF4B-00C04F79EFBC}") = "Auth", "Auth\Auth.csproj", "{5BC6B245-11BD-4C00-AAF7-55AF220CFAE6}"
EndProject
Project("{FAE04EC0-301F-11D3-BF4B-00C04F79EFBC}") = "Lib", "Lib\Lib.csproj", "{78BBA75E-7E02-454A-9155-15ED805C7FB6}"
EndProject
Project("{FAE04EC0-301F-11D3-BF4B-00C04F79EFBC}") = "RGPTDemo", "RGPTDemo\RGPTDemo.csproj", "{F2614D86-3960-4104-8769-5AFC78D2418B}"
EndProject
Project("{FAE04EC0-301F-11D3-BF4B-00C04F79EFBC}") = "Tools", "Tools\Tools.csproj", "{F842F35C-484E-4025-97FC-0202D00E7577}"
EndProject
Project("{FAE04EC0-301F-11D3-BF4B-00C04F79EFBC}") = "RBACPractice", "RBACPractice\RBACPractice.csproj", "{AF13D789-BDAB-4C17-90AF-84222DF2981C}"
EndProject
Global
	GlobalSection(SolutionConfigurationPlatforms) = preSolution
		Debug|Any CPU = Debug|Any CPU
		Release|Any CPU = Release|Any CPU
	EndGlobalSection
	GlobalSection(ProjectConfigurationPlatforms) = postSolution
		{5BC6B245-11BD-4C00-AAF7-55AF220CFAE6}.Debug|Any CPU.ActiveCfg = Debug|Any CPU
		{5BC6B245-11BD-4C00-AAF7-55AF220CFAE6}.Debug|Any CPU.Build.0 = Debug|Any CPU
		{5BC6B245-11BD-4C00-AAF7-55AF220CFAE6}.Release|Any CPU.ActiveCfg = Release|Any CPU
		{5BC6B245-11BD-4C00-AAF7-55AF220CFAE6}.Release|Any CPU.Build.0 = Release|Any CPU
		{78BBA75E-7E02-454A-9155-15ED805C7FB6}.Debug|Any CPU.ActiveCfg = Debug|Any CPU
		{78BBA75E-7E02-454A-9155-15ED805C7FB6}.Debug|Any CPU.Build.0 = Debug|Any CPU
		{78BBA75E-7E02-454A-9155-15ED805C7FB6}.Release|Any CPU.ActiveCfg = Release|Any CPU
		{78BBA75E-7E02-454A-9155-15ED805C7FB6}.Release|Any CPU.Build.0 = Release|Any CPU
		{F2614D86-3960-4104-8769-5AFC78D2418B}.Debug|Any CPU.ActiveCfg = Debug|Any CPU
		{F2614D86-3960-4104-8769-5AFC78D2418B}.Debug|Any CPU.Build.0 = Debug|Any CPU
		{F2614D86-3960-4104-8769-5AFC78D2418B}.Release|Any CPU.ActiveCfg = Release|Any CPU
		{F2614D86-3960-4104-8769-5AFC78D2418B}.Release|Any CPU.Build.0 = Release|Any CPU
		{F842F35C-484E-4025-97FC-0202D00E7577}.Debug|Any CPU.ActiveCfg = Debug|Any CPU
		{F842F35C-484E-4025-97FC-0202D00E7577}.Debug|Any CPU.Build.0 = Debug|Any CPU
		{F842F35C-484E-4025-97FC-0202D00E7577}.Release|Any CPU.ActiveCfg = Release|Any CPU
		{F842F35C-484E-4025-97FC-0202D00E7577}.Release|Any CPU.Build.0 = Release|Any CPU
		{AF13D789-BDAB-4C17-90AF-84222DF2981C}.Debug|Any CPU.ActiveCfg = Debug|Any CPU
		{AF13D789-BDAB-4C17-90AF-84222DF2981C}.Debug|Any CPU.Build.0 = Debug|Any CPU
		{AF13D789-BDAB-4C17-90AF-84222DF2981C}.Release|Any CPU.ActiveCfg = Release|Any CPU
		{AF13D789-BDAB-4C17-90AF-84222DF2981C}.Release|Any CPU.Build.0 = Release|Any CPU
	EndGlobalSection
	GlobalSection(SolutionProperties) = preSolution
		HideSolutionNode = FALSE
	EndGlobalSection
EndGlobal
